schema: '2.0'
stages:
  data_ingestion:
    cmd: python -c "from src.pipeline.training_pipeline import TrainingPipeline; TrainingPipeline().run_training_pipeline()"
    deps:
    - path: data/raw/
      hash: md5
      md5: 13f26ea47be56803f3cf3f64d4f78879.dir
      size: 1880839
      nfiles: 2
    - path: src/components/data_ingestion.py
      hash: md5
      md5: 64216d8db74102afb35a1d01f9a3bfe2
      size: 2629
    - path: src/config/config.py
      hash: md5
      md5: b8a6d256e735e2c378bb0d2ca99cdcb8
      size: 2226
    - path: src/constants/__init__.py
      hash: md5
      md5: 512fc5267136b3a45db20ed91aecbf34
      size: 1136
    outs:
    - path: data/interim/
      hash: md5
      md5: 56e389b0eaa471aa090b976d8ebe5d1a.dir
      size: 1856048
      nfiles: 2
  data_transformation:
    cmd: python -c "from src.pipeline.training_pipeline import TrainingPipeline; TrainingPipeline().run_training_pipeline()"
    deps:
    - path: data/interim
      hash: md5
      md5: 1255a0aa00108520c148372fca815e5a.dir
      size: 1856048
      nfiles: 2
    - path: src/components/data_transformation.py
      hash: md5
      md5: 9a146960004213b55317f0ba129f1a20
      size: 6341
    - path: src/config/config.py
      hash: md5
      md5: b8a6d256e735e2c378bb0d2ca99cdcb8
      size: 2226
    - path: src/constants/__init__.py
      hash: md5
      md5: 512fc5267136b3a45db20ed91aecbf34
      size: 1136
    outs:
    - path: data/processed/
      hash: md5
      md5: 61a01eea97fcc6cad32dc2b9ba2f85cb.dir
      size: 8153856
      nfiles: 2
    - path: models/preprocessor.pkl
      hash: md5
      md5: bb2274d8038e3c85bab916f06c3e29df
      size: 3633
    - path: models/targetencoder.pkl
      hash: md5
      md5: ba260fff24b7ac76f2ced362d04eade4
      size: 297
  training:
    cmd: python -c "from src.pipeline.training_pipeline import TrainingPipeline; TrainingPipeline().run_training_pipeline()"
    deps:
    - path: data/processed/
      hash: md5
      md5: 61a01eea97fcc6cad32dc2b9ba2f85cb.dir
      size: 8153856
      nfiles: 2
    - path: src/components/model_trainer.py
      hash: md5
      md5: 58e2e1935910e38121c8af6c79fd51f3
      size: 7572
    - path: src/config/config.py
      hash: md5
      md5: b8a6d256e735e2c378bb0d2ca99cdcb8
      size: 2226
    - path: src/constants/__init__.py
      hash: md5
      md5: 512fc5267136b3a45db20ed91aecbf34
      size: 1136
    outs:
    - path: models/model.pkl
      hash: md5
      md5: b6bf8558acf06ed33bc9ed42db59ecba
      size: 3640568
  prediction:
    cmd: python -c "from src.pipeline.prediction_pipeline import PredictionPipeline;
      PredictionPipeline().run_prediction_pipeline()"
    deps:
    - path: models/model.pkl
      hash: md5
      md5: b6bf8558acf06ed33bc9ed42db59ecba
      size: 3640568
    - path: models/preprocessor.pkl
      hash: md5
      md5: bb2274d8038e3c85bab916f06c3e29df
      size: 3633
    - path: models/targetencoder.pkl
      hash: md5
      md5: ba260fff24b7ac76f2ced362d04eade4
      size: 297
    - path: src/config/config.py
      hash: md5
      md5: b8a6d256e735e2c378bb0d2ca99cdcb8
      size: 2226
    - path: src/constants/__init__.py
      hash: md5
      md5: 512fc5267136b3a45db20ed91aecbf34
      size: 1136
