schema: '2.0'
stages:
  data_ingestion:
    cmd: python -c "from src.pipeline.training_pipeline import TrainingPipeline; TrainingPipeline().run_training_pipeline()"
    deps:
    - path: data/raw/
      hash: md5
      md5: 13f26ea47be56803f3cf3f64d4f78879.dir
      size: 1880839
      nfiles: 2
    - path: src/components/data_ingestion.py
      hash: md5
      md5: 75f1b19d32015a53fa59dc463bf5b914
      size: 2629
    - path: src/config/config.py
      hash: md5
      md5: b8a6d256e735e2c378bb0d2ca99cdcb8
      size: 2226
    - path: src/constants/__init__.py
      hash: md5
      md5: 512fc5267136b3a45db20ed91aecbf34
      size: 1136
    outs:
    - path: data/interim/
      hash: md5
      md5: 81e0e2d010f654071d6e26f10ad3da75.dir
      size: 1856048
      nfiles: 2
  data_transformation:
    cmd: python -c "from src.pipeline.training_pipeline import TrainingPipeline; TrainingPipeline().run_training_pipeline()"
    deps:
    - path: data/interim
      hash: md5
      md5: 81e0e2d010f654071d6e26f10ad3da75.dir
      size: 1856048
      nfiles: 2
    - path: src/components/data_transformation.py
      hash: md5
      md5: 9a146960004213b55317f0ba129f1a20
      size: 6341
    - path: src/config/config.py
      hash: md5
      md5: b8a6d256e735e2c378bb0d2ca99cdcb8
      size: 2226
    - path: src/constants/__init__.py
      hash: md5
      md5: 512fc5267136b3a45db20ed91aecbf34
      size: 1136
    outs:
    - path: data/processed/
      hash: md5
      md5: 071986e80bea33496673a60316be2403.dir
      size: 8153856
      nfiles: 2
    - path: models/preprocessor.pkl
      hash: md5
      md5: a65b9b9076a97e24b6d553ea9fb13359
      size: 3633
    - path: models/targetencoder.pkl
      hash: md5
      md5: ba260fff24b7ac76f2ced362d04eade4
      size: 297
  training:
    cmd: python -c "from src.pipeline.training_pipeline import TrainingPipeline; TrainingPipeline().run_training_pipeline()"
    deps:
    - path: data/processed/
      hash: md5
      md5: 071986e80bea33496673a60316be2403.dir
      size: 8153856
      nfiles: 2
    - path: src/components/model_trainer.py
      hash: md5
      md5: 58e2e1935910e38121c8af6c79fd51f3
      size: 7572
    - path: src/config/config.py
      hash: md5
      md5: b8a6d256e735e2c378bb0d2ca99cdcb8
      size: 2226
    - path: src/constants/__init__.py
      hash: md5
      md5: 512fc5267136b3a45db20ed91aecbf34
      size: 1136
    outs:
    - path: models/model.pkl
      hash: md5
      md5: 3f1a2593e7c2a6e91a3dd6a9332a099f
      size: 3532567
  prediction:
    cmd: python -c "from src.pipeline.prediction_pipeline import PredictionPipeline;
      PredictionPipeline().run_prediction_pipeline()"
    deps:
    - path: models/model.pkl
      hash: md5
      md5: 3f1a2593e7c2a6e91a3dd6a9332a099f
      size: 3532567
    - path: models/preprocessor.pkl
      hash: md5
      md5: a65b9b9076a97e24b6d553ea9fb13359
      size: 3633
    - path: models/targetencoder.pkl
      hash: md5
      md5: ba260fff24b7ac76f2ced362d04eade4
      size: 297
    - path: src/config/config.py
      hash: md5
      md5: b8a6d256e735e2c378bb0d2ca99cdcb8
      size: 2226
    - path: src/constants/__init__.py
      hash: md5
      md5: 512fc5267136b3a45db20ed91aecbf34
      size: 1136
